
Microsoft Visual Studio Solution File, Format Version 12.00
# Visual Studio 2013
VisualStudioVersion = 12.0.30501.0
MinimumVisualStudioVersion = 10.0.40219.1
Project("{FAE04EC0-301F-11D3-BF4B-00C04F79EFBC}") = "Applified.Core", "Applified.Core\Applified.Core.csproj", "{554F6529-22EC-403B-B800-4743BC5F001F}"
EndProject
Project("{2150E333-8FDC-42A3-9474-1A3956D46DE8}") = "Core", "Core", "{7F8CE3F9-5F45-43F0-A09B-2FF142D6F555}"
EndProject
Project("{2150E333-8FDC-42A3-9474-1A3956D46DE8}") = "Hosting", "Hosting", "{36A165EA-EA1D-4DB0-9FF2-86AD5DA29667}"
EndProject
Project("{2150E333-8FDC-42A3-9474-1A3956D46DE8}") = "API", "API", "{37BE1630-9CD8-4D49-BE2B-B37F98747A26}"
EndProject
Project("{2150E333-8FDC-42A3-9474-1A3956D46DE8}") = "Common", "Common", "{77E01F60-AD92-4725-A0AF-3ED866DEFFA9}"
EndProject
Project("{FAE04EC0-301F-11D3-BF4B-00C04F79EFBC}") = "Applified.Core.DataAccess", "Applified.Core.DataAccess\Applified.Core.DataAccess.csproj", "{B741F5F2-7CDB-4FAB-BBC0-C30B61F32E9E}"
EndProject
Project("{FAE04EC0-301F-11D3-BF4B-00C04F79EFBC}") = "Applified.Core.Services", "Applified.Core.Services\Applified.Core.Services.csproj", "{3500D4C7-6C17-4D8F-91FE-B885E9D724DC}"
EndProject
Project("{FAE04EC0-301F-11D3-BF4B-00C04F79EFBC}") = "Applified.Core.Entities", "Applified.Core.Entities\Applified.Core.Entities.csproj", "{216E5512-316F-4109-8C32-055B3A7A657B}"
EndProject
Project("{FAE04EC0-301F-11D3-BF4B-00C04F79EFBC}") = "Applified.Core.ServiceContracts", "Applified.Core.ServiceContracts\Applified.Core.ServiceContracts.csproj", "{C1402041-F0E4-433B-A761-91B40C22405A}"
EndProject
Project("{FAE04EC0-301F-11D3-BF4B-00C04F79EFBC}") = "Applified.Core.Identity", "Applified.Core.Identity\Applified.Core.Identity.csproj", "{DB336820-250B-4DA0-B99D-5DF8B78E5FC8}"
EndProject
Project("{FAE04EC0-301F-11D3-BF4B-00C04F79EFBC}") = "Applified.Common.OwinDependencyInjection", "Applified.Common.OwinDependencyInjection\Applified.Common.OwinDependencyInjection.csproj", "{3B993BE4-4F21-40A6-ADFF-DA1E650F7EF3}"
EndProject
Project("{FAE04EC0-301F-11D3-BF4B-00C04F79EFBC}") = "Applified.Common", "Applified.Common\Applified.Common.csproj", "{86884F5C-B482-4986-8FD4-C3086BC0073F}"
EndProject
Project("{FAE04EC0-301F-11D3-BF4B-00C04F79EFBC}") = "Applified.API", "Applified.API\Applified.API.csproj", "{1B8D5BA6-0229-4A08-99B5-1C95F47D7042}"
EndProject
Project("{FAE04EC0-301F-11D3-BF4B-00C04F79EFBC}") = "Applified.API.Models", "Applified.API.Models\Applified.API.Models.csproj", "{82FE6C59-3487-47EC-BE86-C5E9F1843E0B}"
EndProject
Project("{FAE04EC0-301F-11D3-BF4B-00C04F79EFBC}") = "Applified.Hosting.IIS", "Applified.Hosting.IIS\Applified.Hosting.IIS.csproj", "{36FFD1DF-BDE5-4777-ABA1-C6EB94B210F1}"
EndProject
Project("{FAE04EC0-301F-11D3-BF4B-00C04F79EFBC}") = "Applified.Hosting.SelfHost", "Applified.Hosting.SelfHost\Applified.Hosting.SelfHost.csproj", "{D2C9DB4C-0CE0-4E87-8B4D-670CDDEAF0C7}"
EndProject
Project("{FAE04EC0-301F-11D3-BF4B-00C04F79EFBC}") = "Applified.Core.Extensibility", "Applified.Core.Extensibility\Applified.Core.Extensibility.csproj", "{FE034BC2-887D-4F08-9DB8-A556BF370FA6}"
EndProject
Project("{FAE04EC0-301F-11D3-BF4B-00C04F79EFBC}") = "Applified.Common.Exceptions", "Applified.Common.Exceptions\Applified.Common.Exceptions.csproj", "{B0B34444-61CF-41A4-BB53-860F50FC14AA}"
EndProject
Project("{2150E333-8FDC-42A3-9474-1A3956D46DE8}") = "Integrated Features", "Integrated Features", "{ACB78EB3-0418-4BEB-9FA7-B70C278FEB40}"
EndProject
Project("{FAE04EC0-301F-11D3-BF4B-00C04F79EFBC}") = "Applified.IntegratedFeatures.ConsoleLogger", "Applified.IntegratedFeatures.ConsoleLogger\Applified.IntegratedFeatures.ConsoleLogger.csproj", "{2B1FCDC1-49C9-40A5-8D84-C134772E1D1C}"
EndProject
Project("{FAE04EC0-301F-11D3-BF4B-00C04F79EFBC}") = "Applified.IntegratedFeatures.StaticFileHandler", "Applified.IntegratedFeatures.StaticFileHandler\Applified.IntegratedFeatures.StaticFileHandler.csproj", "{C031284A-739D-4BB8-9DB5-5647E4089E4F}"
EndProject
Project("{2150E333-8FDC-42A3-9474-1A3956D46DE8}") = "Utilities", "Utilities", "{9AE7CA5F-3EC3-4D3C-92B4-1B3A66C01A97}"
EndProject
Project("{FAE04EC0-301F-11D3-BF4B-00C04F79EFBC}") = "Applified.Utilities.ApplifiedAdmin", "Applified.Utilities.ApplifiedAdmin\Applified.Utilities.ApplifiedAdmin.csproj", "{EE671CB6-10FF-4AB0-BFE8-00D209015577}"
EndProject
Project("{FAE04EC0-301F-11D3-BF4B-00C04F79EFBC}") = "Applified.IntegratedFeatures.AngularHtml5NavigationRewrite", "Applified.IntegratedFeatures.AngularHtml5NavigationRewrite\Applified.IntegratedFeatures.AngularHtml5NavigationRewrite.csproj", "{FA3221D3-B814-4D10-9790-0D58C9C4D4C4}"
EndProject
Project("{FAE04EC0-301F-11D3-BF4B-00C04F79EFBC}") = "Applified.IntegratedFeatures.PageOfDeath", "Applified.IntegratedFeatures.PageOfDeath\Applified.IntegratedFeatures.PageOfDeath.csproj", "{3A440B69-7C6F-4A11-9849-DC661DC83500}"
EndProject
Project("{2150E333-8FDC-42A3-9474-1A3956D46DE8}") = "Tests", "Tests", "{3120332B-A983-4BF9-BAD6-B2ABF020EA47}"
EndProject
Project("{2150E333-8FDC-42A3-9474-1A3956D46DE8}") = "Core", "Core", "{27F725CA-EC07-4E30-AD6C-EE0F53B14ED3}"
EndProject
Project("{FAE04EC0-301F-11D3-BF4B-00C04F79EFBC}") = "Applified.Core.Tests", "Applified.Core.Tests\Applified.Core.Tests.csproj", "{984894BD-7881-4463-8B07-F58C4C62136D}"
EndProject
Project("{2150E333-8FDC-42A3-9474-1A3956D46DE8}") = "Solution Items", "Solution Items", "{8D7C97FA-23EB-4592-BA1D-72805B31A391}"
	ProjectSection(SolutionItems) = preProject
		ideas.txt = ideas.txt
	EndProjectSection
EndProject
Project("{FAE04EC0-301F-11D3-BF4B-00C04F79EFBC}") = "Applified.IntegratedFeatures.Blog", "Applified.IntegratedFeatures.Blog\Applified.IntegratedFeatures.Blog.csproj", "{C6F73F9E-AF7A-4856-98E0-B2E420ECDB7F}"
EndProject
Project("{FAE04EC0-301F-11D3-BF4B-00C04F79EFBC}") = "Applified.Common.Logging", "Applified.Common.Logging\Applified.Common.Logging.csproj", "{A7F3BC03-67D2-4829-9004-1D6A482CD116}"
EndProject
Project("{FAE04EC0-301F-11D3-BF4B-00C04F79EFBC}") = "Applified.Common.Logging.WindowsEventLog", "Applified.Common.Logging.WindowsEventLog\Applified.Common.Logging.WindowsEventLog.csproj", "{958496B1-3F69-46A9-9D14-A6A24A2BAAE3}"
EndProject
Global
	GlobalSection(SolutionConfigurationPlatforms) = preSolution
		Debug|Any CPU = Debug|Any CPU
		Release|Any CPU = Release|Any CPU
	EndGlobalSection
	GlobalSection(ProjectConfigurationPlatforms) = postSolution
		{554F6529-22EC-403B-B800-4743BC5F001F}.Debug|Any CPU.ActiveCfg = Debug|Any CPU
		{554F6529-22EC-403B-B800-4743BC5F001F}.Debug|Any CPU.Build.0 = Debug|Any CPU
		{554F6529-22EC-403B-B800-4743BC5F001F}.Release|Any CPU.ActiveCfg = Release|Any CPU
		{554F6529-22EC-403B-B800-4743BC5F001F}.Release|Any CPU.Build.0 = Release|Any CPU
		{B741F5F2-7CDB-4FAB-BBC0-C30B61F32E9E}.Debug|Any CPU.ActiveCfg = Debug|Any CPU
		{B741F5F2-7CDB-4FAB-BBC0-C30B61F32E9E}.Debug|Any CPU.Build.0 = Debug|Any CPU
		{B741F5F2-7CDB-4FAB-BBC0-C30B61F32E9E}.Release|Any CPU.ActiveCfg = Release|Any CPU
		{B741F5F2-7CDB-4FAB-BBC0-C30B61F32E9E}.Release|Any CPU.Build.0 = Release|Any CPU
		{3500D4C7-6C17-4D8F-91FE-B885E9D724DC}.Debug|Any CPU.ActiveCfg = Debug|Any CPU
		{3500D4C7-6C17-4D8F-91FE-B885E9D724DC}.Debug|Any CPU.Build.0 = Debug|Any CPU
		{3500D4C7-6C17-4D8F-91FE-B885E9D724DC}.Release|Any CPU.ActiveCfg = Release|Any CPU
		{3500D4C7-6C17-4D8F-91FE-B885E9D724DC}.Release|Any CPU.Build.0 = Release|Any CPU
		{216E5512-316F-4109-8C32-055B3A7A657B}.Debug|Any CPU.ActiveCfg = Debug|Any CPU
		{216E5512-316F-4109-8C32-055B3A7A657B}.Debug|Any CPU.Build.0 = Debug|Any CPU
		{216E5512-316F-4109-8C32-055B3A7A657B}.Release|Any CPU.ActiveCfg = Release|Any CPU
		{216E5512-316F-4109-8C32-055B3A7A657B}.Release|Any CPU.Build.0 = Release|Any CPU
		{C1402041-F0E4-433B-A761-91B40C22405A}.Debug|Any CPU.ActiveCfg = Debug|Any CPU
		{C1402041-F0E4-433B-A761-91B40C22405A}.Debug|Any CPU.Build.0 = Debug|Any CPU
		{C1402041-F0E4-433B-A761-91B40C22405A}.Release|Any CPU.ActiveCfg = Release|Any CPU
		{C1402041-F0E4-433B-A761-91B40C22405A}.Release|Any CPU.Build.0 = Release|Any CPU
		{DB336820-250B-4DA0-B99D-5DF8B78E5FC8}.Debug|Any CPU.ActiveCfg = Debug|Any CPU
		{DB336820-250B-4DA0-B99D-5DF8B78E5FC8}.Debug|Any CPU.Build.0 = Debug|Any CPU
		{DB336820-250B-4DA0-B99D-5DF8B78E5FC8}.Release|Any CPU.ActiveCfg = Release|Any CPU
		{DB336820-250B-4DA0-B99D-5DF8B78E5FC8}.Release|Any CPU.Build.0 = Release|Any CPU
		{3B993BE4-4F21-40A6-ADFF-DA1E650F7EF3}.Debug|Any CPU.ActiveCfg = Debug|Any CPU
		{3B993BE4-4F21-40A6-ADFF-DA1E650F7EF3}.Debug|Any CPU.Build.0 = Debug|Any CPU
		{3B993BE4-4F21-40A6-ADFF-DA1E650F7EF3}.Release|Any CPU.ActiveCfg = Release|Any CPU
		{3B993BE4-4F21-40A6-ADFF-DA1E650F7EF3}.Release|Any CPU.Build.0 = Release|Any CPU
		{86884F5C-B482-4986-8FD4-C3086BC0073F}.Debug|Any CPU.ActiveCfg = Debug|Any CPU
		{86884F5C-B482-4986-8FD4-C3086BC0073F}.Debug|Any CPU.Build.0 = Debug|Any CPU
		{86884F5C-B482-4986-8FD4-C3086BC0073F}.Release|Any CPU.ActiveCfg = Release|Any CPU
		{86884F5C-B482-4986-8FD4-C3086BC0073F}.Release|Any CPU.Build.0 = Release|Any CPU
		{1B8D5BA6-0229-4A08-99B5-1C95F47D7042}.Debug|Any CPU.ActiveCfg = Debug|Any CPU
		{1B8D5BA6-0229-4A08-99B5-1C95F47D7042}.Debug|Any CPU.Build.0 = Debug|Any CPU
		{1B8D5BA6-0229-4A08-99B5-1C95F47D7042}.Release|Any CPU.ActiveCfg = Release|Any CPU
		{1B8D5BA6-0229-4A08-99B5-1C95F47D7042}.Release|Any CPU.Build.0 = Release|Any CPU
		{82FE6C59-3487-47EC-BE86-C5E9F1843E0B}.Debug|Any CPU.ActiveCfg = Debug|Any CPU
		{82FE6C59-3487-47EC-BE86-C5E9F1843E0B}.Debug|Any CPU.Build.0 = Debug|Any CPU
		{82FE6C59-3487-47EC-BE86-C5E9F1843E0B}.Release|Any CPU.ActiveCfg = Release|Any CPU
		{82FE6C59-3487-47EC-BE86-C5E9F1843E0B}.Release|Any CPU.Build.0 = Release|Any CPU
		{36FFD1DF-BDE5-4777-ABA1-C6EB94B210F1}.Debug|Any CPU.ActiveCfg = Debug|Any CPU
		{36FFD1DF-BDE5-4777-ABA1-C6EB94B210F1}.Debug|Any CPU.Build.0 = Debug|Any CPU
		{36FFD1DF-BDE5-4777-ABA1-C6EB94B210F1}.Release|Any CPU.ActiveCfg = Release|Any CPU
		{36FFD1DF-BDE5-4777-ABA1-C6EB94B210F1}.Release|Any CPU.Build.0 = Release|Any CPU
		{D2C9DB4C-0CE0-4E87-8B4D-670CDDEAF0C7}.Debug|Any CPU.ActiveCfg = Debug|Any CPU
		{D2C9DB4C-0CE0-4E87-8B4D-670CDDEAF0C7}.Debug|Any CPU.Build.0 = Debug|Any CPU
		{D2C9DB4C-0CE0-4E87-8B4D-670CDDEAF0C7}.Release|Any CPU.ActiveCfg = Release|Any CPU
		{D2C9DB4C-0CE0-4E87-8B4D-670CDDEAF0C7}.Release|Any CPU.Build.0 = Release|Any CPU
		{FE034BC2-887D-4F08-9DB8-A556BF370FA6}.Debug|Any CPU.ActiveCfg = Debug|Any CPU
		{FE034BC2-887D-4F08-9DB8-A556BF370FA6}.Debug|Any CPU.Build.0 = Debug|Any CPU
		{FE034BC2-887D-4F08-9DB8-A556BF370FA6}.Release|Any CPU.ActiveCfg = Release|Any CPU
		{FE034BC2-887D-4F08-9DB8-A556BF370FA6}.Release|Any CPU.Build.0 = Release|Any CPU
		{B0B34444-61CF-41A4-BB53-860F50FC14AA}.Debug|Any CPU.ActiveCfg = Debug|Any CPU
		{B0B34444-61CF-41A4-BB53-860F50FC14AA}.Debug|Any CPU.Build.0 = Debug|Any CPU
		{B0B34444-61CF-41A4-BB53-860F50FC14AA}.Release|Any CPU.ActiveCfg = Release|Any CPU
		{B0B34444-61CF-41A4-BB53-860F50FC14AA}.Release|Any CPU.Build.0 = Release|Any CPU
		{2B1FCDC1-49C9-40A5-8D84-C134772E1D1C}.Debug|Any CPU.ActiveCfg = Debug|Any CPU
		{2B1FCDC1-49C9-40A5-8D84-C134772E1D1C}.Debug|Any CPU.Build.0 = Debug|Any CPU
		{2B1FCDC1-49C9-40A5-8D84-C134772E1D1C}.Release|Any CPU.ActiveCfg = Release|Any CPU
		{2B1FCDC1-49C9-40A5-8D84-C134772E1D1C}.Release|Any CPU.Build.0 = Release|Any CPU
		{C031284A-739D-4BB8-9DB5-5647E4089E4F}.Debug|Any CPU.ActiveCfg = Debug|Any CPU
		{C031284A-739D-4BB8-9DB5-5647E4089E4F}.Debug|Any CPU.Build.0 = Debug|Any CPU
		{C031284A-739D-4BB8-9DB5-5647E4089E4F}.Release|Any CPU.ActiveCfg = Release|Any CPU
		{C031284A-739D-4BB8-9DB5-5647E4089E4F}.Release|Any CPU.Build.0 = Release|Any CPU
		{EE671CB6-10FF-4AB0-BFE8-00D209015577}.Debug|Any CPU.ActiveCfg = Debug|Any CPU
		{EE671CB6-10FF-4AB0-BFE8-00D209015577}.Debug|Any CPU.Build.0 = Debug|Any CPU
		{EE671CB6-10FF-4AB0-BFE8-00D209015577}.Release|Any CPU.ActiveCfg = Release|Any CPU
		{EE671CB6-10FF-4AB0-BFE8-00D209015577}.Release|Any CPU.Build.0 = Release|Any CPU
		{FA3221D3-B814-4D10-9790-0D58C9C4D4C4}.Debug|Any CPU.ActiveCfg = Debug|Any CPU
		{FA3221D3-B814-4D10-9790-0D58C9C4D4C4}.Debug|Any CPU.Build.0 = Debug|Any CPU
		{FA3221D3-B814-4D10-9790-0D58C9C4D4C4}.Release|Any CPU.ActiveCfg = Release|Any CPU
		{FA3221D3-B814-4D10-9790-0D58C9C4D4C4}.Release|Any CPU.Build.0 = Release|Any CPU
		{3A440B69-7C6F-4A11-9849-DC661DC83500}.Debug|Any CPU.ActiveCfg = Debug|Any CPU
		{3A440B69-7C6F-4A11-9849-DC661DC83500}.Debug|Any CPU.Build.0 = Debug|Any CPU
		{3A440B69-7C6F-4A11-9849-DC661DC83500}.Release|Any CPU.ActiveCfg = Release|Any CPU
		{3A440B69-7C6F-4A11-9849-DC661DC83500}.Release|Any CPU.Build.0 = Release|Any CPU
		{984894BD-7881-4463-8B07-F58C4C62136D}.Debug|Any CPU.ActiveCfg = Debug|Any CPU
		{984894BD-7881-4463-8B07-F58C4C62136D}.Debug|Any CPU.Build.0 = Debug|Any CPU
		{984894BD-7881-4463-8B07-F58C4C62136D}.Release|Any CPU.ActiveCfg = Release|Any CPU
		{984894BD-7881-4463-8B07-F58C4C62136D}.Release|Any CPU.Build.0 = Release|Any CPU
		{C6F73F9E-AF7A-4856-98E0-B2E420ECDB7F}.Debug|Any CPU.ActiveCfg = Debug|Any CPU
		{C6F73F9E-AF7A-4856-98E0-B2E420ECDB7F}.Debug|Any CPU.Build.0 = Debug|Any CPU
		{C6F73F9E-AF7A-4856-98E0-B2E420ECDB7F}.Release|Any CPU.ActiveCfg = Release|Any CPU
		{C6F73F9E-AF7A-4856-98E0-B2E420ECDB7F}.Release|Any CPU.Build.0 = Release|Any CPU
		{A7F3BC03-67D2-4829-9004-1D6A482CD116}.Debug|Any CPU.ActiveCfg = Debug|Any CPU
		{A7F3BC03-67D2-4829-9004-1D6A482CD116}.Debug|Any CPU.Build.0 = Debug|Any CPU
		{A7F3BC03-67D2-4829-9004-1D6A482CD116}.Release|Any CPU.ActiveCfg = Release|Any CPU
		{A7F3BC03-67D2-4829-9004-1D6A482CD116}.Release|Any CPU.Build.0 = Release|Any CPU
		{958496B1-3F69-46A9-9D14-A6A24A2BAAE3}.Debug|Any CPU.ActiveCfg = Debug|Any CPU
		{958496B1-3F69-46A9-9D14-A6A24A2BAAE3}.Debug|Any CPU.Build.0 = Debug|Any CPU
		{958496B1-3F69-46A9-9D14-A6A24A2BAAE3}.Release|Any CPU.ActiveCfg = Release|Any CPU
		{958496B1-3F69-46A9-9D14-A6A24A2BAAE3}.Release|Any CPU.Build.0 = Release|Any CPU
	EndGlobalSection
	GlobalSection(SolutionProperties) = preSolution
		HideSolutionNode = FALSE
	EndGlobalSection
	GlobalSection(NestedProjects) = preSolution
		{554F6529-22EC-403B-B800-4743BC5F001F} = {7F8CE3F9-5F45-43F0-A09B-2FF142D6F555}
		{B741F5F2-7CDB-4FAB-BBC0-C30B61F32E9E} = {7F8CE3F9-5F45-43F0-A09B-2FF142D6F555}
		{3500D4C7-6C17-4D8F-91FE-B885E9D724DC} = {7F8CE3F9-5F45-43F0-A09B-2FF142D6F555}
		{216E5512-316F-4109-8C32-055B3A7A657B} = {7F8CE3F9-5F45-43F0-A09B-2FF142D6F555}
		{C1402041-F0E4-433B-A761-91B40C22405A} = {7F8CE3F9-5F45-43F0-A09B-2FF142D6F555}
		{DB336820-250B-4DA0-B99D-5DF8B78E5FC8} = {7F8CE3F9-5F45-43F0-A09B-2FF142D6F555}
		{3B993BE4-4F21-40A6-ADFF-DA1E650F7EF3} = {77E01F60-AD92-4725-A0AF-3ED866DEFFA9}
		{86884F5C-B482-4986-8FD4-C3086BC0073F} = {77E01F60-AD92-4725-A0AF-3ED866DEFFA9}
		{1B8D5BA6-0229-4A08-99B5-1C95F47D7042} = {37BE1630-9CD8-4D49-BE2B-B37F98747A26}
		{82FE6C59-3487-47EC-BE86-C5E9F1843E0B} = {37BE1630-9CD8-4D49-BE2B-B37F98747A26}
		{36FFD1DF-BDE5-4777-ABA1-C6EB94B210F1} = {36A165EA-EA1D-4DB0-9FF2-86AD5DA29667}
		{D2C9DB4C-0CE0-4E87-8B4D-670CDDEAF0C7} = {36A165EA-EA1D-4DB0-9FF2-86AD5DA29667}
		{FE034BC2-887D-4F08-9DB8-A556BF370FA6} = {7F8CE3F9-5F45-43F0-A09B-2FF142D6F555}
		{B0B34444-61CF-41A4-BB53-860F50FC14AA} = {77E01F60-AD92-4725-A0AF-3ED866DEFFA9}
		{2B1FCDC1-49C9-40A5-8D84-C134772E1D1C} = {ACB78EB3-0418-4BEB-9FA7-B70C278FEB40}
		{C031284A-739D-4BB8-9DB5-5647E4089E4F} = {ACB78EB3-0418-4BEB-9FA7-B70C278FEB40}
		{EE671CB6-10FF-4AB0-BFE8-00D209015577} = {9AE7CA5F-3EC3-4D3C-92B4-1B3A66C01A97}
		{FA3221D3-B814-4D10-9790-0D58C9C4D4C4} = {ACB78EB3-0418-4BEB-9FA7-B70C278FEB40}
		{3A440B69-7C6F-4A11-9849-DC661DC83500} = {ACB78EB3-0418-4BEB-9FA7-B70C278FEB40}
		{27F725CA-EC07-4E30-AD6C-EE0F53B14ED3} = {3120332B-A983-4BF9-BAD6-B2ABF020EA47}
		{984894BD-7881-4463-8B07-F58C4C62136D} = {27F725CA-EC07-4E30-AD6C-EE0F53B14ED3}
		{C6F73F9E-AF7A-4856-98E0-B2E420ECDB7F} = {ACB78EB3-0418-4BEB-9FA7-B70C278FEB40}
		{A7F3BC03-67D2-4829-9004-1D6A482CD116} = {77E01F60-AD92-4725-A0AF-3ED866DEFFA9}
		{958496B1-3F69-46A9-9D14-A6A24A2BAAE3} = {77E01F60-AD92-4725-A0AF-3ED866DEFFA9}
	EndGlobalSection
EndGlobal
